
Microsoft Visual Studio Solution File, Format Version 12.00
# Visual Studio Version 17
VisualStudioVersion = 17.0.31903.59
MinimumVisualStudioVersion = 10.0.40219.1
Project("{2150E333-8FDC-42A3-9474-1A3956D46DE8}") = "src", "src", "{5BCF5F9A-0FEE-46BE-BC58-95D33F6B6127}"
EndProject
Project("{FAE04EC0-301F-11D3-BF4B-00C04F79EFBC}") = "LogInspect.Console", "src\LogInspect.Console\LogInspect.Console.csproj", "{655A6DFC-6C5B-4804-9F90-7695FBB37DA9}"
EndProject
Project("{FAE04EC0-301F-11D3-BF4B-00C04F79EFBC}") = "LogInspect.Model", "src\LogInspect.Model\LogInspect.Model.csproj", "{973AFF6E-6C03-41F5-9D63-5871A211F94B}"
EndProject
Global
	GlobalSection(SolutionConfigurationPlatforms) = preSolution
		Debug|Any CPU = Debug|Any CPU
		Release|Any CPU = Release|Any CPU
	EndGlobalSection
	GlobalSection(SolutionProperties) = preSolution
		HideSolutionNode = FALSE
	EndGlobalSection
	GlobalSection(ProjectConfigurationPlatforms) = postSolution
		{655A6DFC-6C5B-4804-9F90-7695FBB37DA9}.Debug|Any CPU.ActiveCfg = Debug|Any CPU
		{655A6DFC-6C5B-4804-9F90-7695FBB37DA9}.Debug|Any CPU.Build.0 = Debug|Any CPU
		{655A6DFC-6C5B-4804-9F90-7695FBB37DA9}.Release|Any CPU.ActiveCfg = Release|Any CPU
		{655A6DFC-6C5B-4804-9F90-7695FBB37DA9}.Release|Any CPU.Build.0 = Release|Any CPU
		{973AFF6E-6C03-41F5-9D63-5871A211F94B}.Debug|Any CPU.ActiveCfg = Debug|Any CPU
		{973AFF6E-6C03-41F5-9D63-5871A211F94B}.Debug|Any CPU.Build.0 = Debug|Any CPU
		{973AFF6E-6C03-41F5-9D63-5871A211F94B}.Release|Any CPU.ActiveCfg = Release|Any CPU
		{973AFF6E-6C03-41F5-9D63-5871A211F94B}.Release|Any CPU.Build.0 = Release|Any CPU
	EndGlobalSection
	GlobalSection(NestedProjects) = preSolution
		{655A6DFC-6C5B-4804-9F90-7695FBB37DA9} = {5BCF5F9A-0FEE-46BE-BC58-95D33F6B6127}
		{973AFF6E-6C03-41F5-9D63-5871A211F94B} = {5BCF5F9A-0FEE-46BE-BC58-95D33F6B6127}
	EndGlobalSection
EndGlobal
